<?xml version="1.0" encoding="utf-8"?>
<Project ToolsVersion="4.0" xmlns="http://schemas.microsoft.com/developer/msbuild/2003">
  <ItemGroup>
    <ClInclude Include="Host\AppInit.h">
      <Filter>Header Files</Filter>
    </ClInclude>
    <ClInclude Include="Host\ConfigUtils.h">
      <Filter>Header Files</Filter>
    </ClInclude>
    <ClInclude Include="Host\GraphicsAndCapture.h">
      <Filter>Header Files</Filter>
    </ClInclude>
    <ClInclude Include="Host\Runtime.h">
      <Filter>Header Files</Filter>
    </ClInclude>
    <ClInclude Include="Host\WindowUtils.h">
      <Filter>Header Files</Filter>
    </ClInclude>
    <Filter Include="Source Files">
      <UniqueIdentifier>{4FC737F1-C7A5-4376-A066-2A32D752A2FF}</UniqueIdentifier>
      <Extensions>cpp;c;cc;cxx;def;odl;idl;hpj;bat;asm;asmx</Extensions>
    </Filter>
    <Filter Include="Header Files">
      <UniqueIdentifier>{93995380-89BD-4b04-88EB-625FBE52EBFB}</UniqueIdentifier>
      <Extensions>h;hh;hpp;hxx;hm;inl;inc;xsd</Extensions>
    </Filter>
    <Filter Include="Resource Files">
      <UniqueIdentifier>{67DA6AB6-F800-4c08-8B7A-83BB121AAD01}</UniqueIdentifier>
      <Extensions>rc;ico;cur;bmp;dlg;rc2;rct;bin;rgs;gif;jpg;jpeg;jpe;resx;tiff;tif;png;wav;mfcribbon-ms</Extensions>
    </Filter>
    <ClInclude Include="Host\InputStateMachine.h">
      <Filter>Header Files</Filter>
    </ClInclude>
    <ClInclude Include="Host\InputStats.h">
      <Filter>Header Files</Filter>
    </ClInclude>
    <ClInclude Include="Host\MouseCoordinateTransform.h">
      <Filter>Header Files</Filter>
    </ClInclude>
    <ClInclude Include="Host\InputSequenceManager.h">
      <Filter>Header Files</Filter>
    </ClInclude>
    <ClInclude Include="Host\KeyMappingTest.h">
      <Filter>Header Files</Filter>
    </ClInclude>
    <ClInclude Include="Host\ErrorUtils.h">
      <Filter>Header Files</Filter>
    </ClInclude>
    <ClInclude Include="Host\InputConfig.h">
      <Filter>Header Files</Filter>
    </ClInclude>
    <ClInclude Include="Host\InputTransportLayer.h">
      <Filter>Header Files</Filter>
    </ClInclude>
    <ClInclude Include="Host\InputStateManager.h">
      <Filter>Header Files</Filter>
    </ClInclude>
    <ClInclude Include="Host\InputIntegrationLayer.h">
      <Filter>Header Files</Filter>
    </ClInclude>
    <ClInclude Include="Host\LegacyWebSocketCompat.h">
      <Filter>Header Files</Filter>
    </ClInclude>
    <ClInclude Include="Host\ThreadPriorityManager.h">
      <Filter>Header Files</Filter>
    </ClInclude>
    <ClInclude Include="Host\AdaptiveQualityControl.h">
      <Filter>Header Files</Filter>
    </ClInclude>
    <ClInclude Include="Host\httplib.h">
      <Filter>Header Files</Filter>
    </ClInclude>
    <ClInclude Include="Host\MatchmakerClient.h">
      <Filter>Header Files</Filter>
    </ClInclude>
  </ItemGroup>
  <ItemGroup>
    <ClCompile Include="Host\AppInit.cpp">
      <Filter>Source Files</Filter>
    </ClCompile>
    <ClCompile Include="Host\ConfigUtils.cpp">
      <Filter>Source Files</Filter>
    </ClCompile>
    <ClCompile Include="Host\GraphicsAndCapture.cpp">
      <Filter>Source Files</Filter>
    </ClCompile>
    <ClCompile Include="Host\Runtime.cpp">
      <Filter>Source Files</Filter>
    </ClCompile>
    <ClCompile Include="Host\WindowUtils.cpp">
      <Filter>Source Files</Filter>
    </ClCompile>
    <ClInclude Include="pch.h">
      <Filter>Header Files</Filter>
    </ClInclude>
    <ClInclude Include="Host\CaptureHelpers.h">
      <Filter>Header Files</Filter>
    </ClInclude>
    <ClInclude Include="Host\D3DHelpers.h">
      <Filter>Header Files</Filter>
    </ClInclude>
    <ClInclude Include="Host\Encoder.h">
      <Filter>Header Files</Filter>
    </ClInclude>
    <ClInclude Include="Host\GlobalTime.h">
      <Filter>Header Files</Filter>
    </ClInclude>
    <ClInclude Include="Host\pch.h">
      <Filter>Header Files</Filter>
    </ClInclude>
    <ClInclude Include="Host\pion_webrtc.h">
      <Filter>Header Files</Filter>
    </ClInclude>
    <ClInclude Include="Host\Websocket.h">
      <Filter>Header Files</Filter>
    </ClInclude>
    <ClInclude Include="Host\WindowHelpers.h">
      <Filter>Header Files</Filter>
    </ClInclude>
    <ClInclude Include="Host\KeyInputHandler.h">
      <Filter>Header Files</Filter>
    </ClInclude>
    <ClInclude Include="Host\MouseInputHandler.h">
      <Filter>Header Files</Filter>
    </ClInclude>
    <ClInclude Include="Host\AudioCapturer.h">
      <Filter>Header Files</Filter>
    </ClInclude>
    <ClInclude Include="Host\ShutdownManager.h">
      <Filter>Header Files</Filter>
    </ClInclude>
    <ClInclude Include="Host\PacketQueue.h">
      <Filter>Header Files</Filter>
    </ClInclude>
    <ClInclude Include="Host\IdGenerator.h">
      <Filter>Header Files</Filter>
    </ClInclude>
    <ClInclude Include="Host\Logging.h">
      <Filter>Header Files</Filter>
    </ClInclude>
    <ClInclude Include="Host\WebRTCWrapper.h">
      <Filter>Header Files</Filter>
    </ClInclude>
    <ClInclude Include="Host\Metrics.h">
      <Filter>Header Files</Filter>
    </ClInclude>
    <ClCompile Include="Host\InputStateMachine.cpp">
      <Filter>Source Files</Filter>
    </ClCompile>
    <ClCompile Include="Host\InputStats.cpp">
      <Filter>Source Files</Filter>
    </ClCompile>
    <ClCompile Include="Host\MouseCoordinateTransform.cpp">
      <Filter>Source Files</Filter>
    </ClCompile>
    <ClCompile Include="Host\InputSequenceManager.cpp">
      <Filter>Source Files</Filter>
    </ClCompile>
    <ClCompile Include="Host\KeyMappingTest.cpp">
      <Filter>Source Files</Filter>
    </ClCompile>
    <ClCompile Include="Host\ErrorUtils.cpp">
      <Filter>Source Files</Filter>
    </ClCompile>
    <ClCompile Include="Host\InputConfig.cpp">
      <Filter>Source Files</Filter>
    </ClCompile>
    <ClCompile Include="Host\InputTransportLayer.cpp">
      <Filter>Source Files</Filter>
    </ClCompile>
    <ClCompile Include="Host\InputStateManager.cpp">
      <Filter>Source Files</Filter>
    </ClCompile>
    <ClCompile Include="Host\InputIntegrationLayer.cpp">
      <Filter>Source Files</Filter>
    </ClCompile>
    <ClCompile Include="Host\LegacyWebSocketCompat.cpp">
      <Filter>Source Files</Filter>
    </ClCompile>
    <ClCompile Include="Host\ThreadPriorityManager.cpp">
      <Filter>Source Files</Filter>
    </ClCompile>
    <ClCompile Include="Host\AdaptiveQualityControl.cpp">
      <Filter>Source Files</Filter>
    </ClCompile>
  </ItemGroup>
  <ItemGroup>
    <ClCompile Include="pch.cpp">
      <Filter>Source Files</Filter>
    </ClCompile>
    <ClCompile Include="Host\CaptureHelpers.cpp">
      <Filter>Source Files</Filter>
    </ClCompile>
    <ClCompile Include="Host\D3DHelpers.cpp">
      <Filter>Source Files</Filter>
    </ClCompile>
    <ClCompile Include="Host\Encoder.cpp">
      <Filter>Source Files</Filter>
    </ClCompile>
    <ClCompile Include="Host\main.cpp">
      <Filter>Source Files</Filter>
    </ClCompile>
    <ClCompile Include="Host\pch.cpp">
      <Filter>Source Files</Filter>
    </ClCompile>
    <ClCompile Include="Host\Websocket.cpp">
      <Filter>Source Files</Filter>
    </ClCompile>
    <ClCompile Include="Host\WindowHelpers.cpp">
      <Filter>Source Files</Filter>
    </ClCompile>
    <ClCompile Include="Host\KeyInputHandler.cpp">
      <Filter>Source Files</Filter>
    </ClCompile>
    <ClCompile Include="Host\MouseInputHandler.cpp">
      <Filter>Source Files</Filter>
    </ClCompile>
    <ClCompile Include="Host\AudioCapturer.cpp">
      <Filter>Source Files</Filter>
    </ClCompile>
    <ClCompile Include="Host\ShutdownManager.cpp">
      <Filter>Source Files</Filter>
    </ClCompile>
    <ClCompile Include="Host\PacketQueue.cpp">
      <Filter>Source Files</Filter>
    </ClCompile>
    <ClCompile Include="Host\OpusEncoder.cpp">
      <Filter>Source Files</Filter>
    </ClCompile>
    <ClCompile Include="Host\Logging.cpp">
      <Filter>Source Files</Filter>
    </ClCompile>
    <ClCompile Include="Host\WebRTCWrapper.cpp">
      <Filter>Source Files</Filter>
    </ClCompile>
    <ClCompile Include="Host\MatchmakerClient.cpp">
      <Filter>Source Files</Filter>
    </ClCompile>
  </ItemGroup>
  <ItemGroup>
    <None Include="PropertySheet.props" />
    <None Include="packages.config" />
  </ItemGroup>
  <ItemGroup>
    <Text Include="readme.txt" />
  </ItemGroup>
</Project>